// !$*UTF8*$!
{
	archiveVersion = 1;
	classes = {
	};
	objectVersion = 48;
	objects = {

/* Begin PBXBuildFile section */
		0DD8B062303460D69E0F6099 /* Pods_AR_in_Retails.framework in Frameworks */ = {isa = PBXBuildFile; fileRef = 61A09ACA2DBAD241B4820F65 /* Pods_AR_in_Retails.framework */; };
		612BA20220C7AB7200E240DE /* BFS.swift in Sources */ = {isa = PBXBuildFile; fileRef = 612BA20120C7AB7200E240DE /* BFS.swift */; };
		6186A81B20D0EC6D00C523FA /* ChatViewController.swift in Sources */ = {isa = PBXBuildFile; fileRef = 6186A81A20D0EC6D00C523FA /* ChatViewController.swift */; };
		6186A81D20D0F07900C523FA /* SpeechManager.swift in Sources */ = {isa = PBXBuildFile; fileRef = 6186A81C20D0F07900C523FA /* SpeechManager.swift */; };
		61E894C620C6632700F2B0CE /* DemoView.swift in Sources */ = {isa = PBXBuildFile; fileRef = 61E894C520C6632700F2B0CE /* DemoView.swift */; };
		AD2A9F7320BF99B900CDC189 /* ARViewModel.swift in Sources */ = {isa = PBXBuildFile; fileRef = AD2A9F7220BF99B900CDC189 /* ARViewModel.swift */; };
		AD2A9F7620BF9FAA00CDC189 /* SceneNode.swift in Sources */ = {isa = PBXBuildFile; fileRef = AD2A9F7520BF9FAA00CDC189 /* SceneNode.swift */; };
		AD42808020D15EEA00C36A52 /* art.scnassets in Resources */ = {isa = PBXBuildFile; fileRef = AD42807F20D15EEA00C36A52 /* art.scnassets */; };
		AD5460EA20D35A4C00E2CDB3 /* StoreModel.swift in Sources */ = {isa = PBXBuildFile; fileRef = AD5460E920D35A4C00E2CDB3 /* StoreModel.swift */; };
		AD6D60C220DBDADC006B4EF6 /* ShoppingList.xib in Resources */ = {isa = PBXBuildFile; fileRef = AD6D60C120DBDADC006B4EF6 /* ShoppingList.xib */; };
		AD6D60C420DBDDAA006B4EF6 /* ShoppingList.swift in Sources */ = {isa = PBXBuildFile; fileRef = AD6D60C320DBDDAA006B4EF6 /* ShoppingList.swift */; };
		AD6D60C620DBE287006B4EF6 /* ShoppingListCell.swift in Sources */ = {isa = PBXBuildFile; fileRef = AD6D60C520DBE287006B4EF6 /* ShoppingListCell.swift */; };
		AD6D7D30213C2AAA00EDBFDB /* NotificationService.swift in Sources */ = {isa = PBXBuildFile; fileRef = AD6D7D2F213C2AAA00EDBFDB /* NotificationService.swift */; };
		AD6D7D34213C2AAA00EDBFDB /* NotificationService.appex in Embed App Extensions */ = {isa = PBXBuildFile; fileRef = AD6D7D2D213C2AAA00EDBFDB /* NotificationService.appex */; settings = {ATTRIBUTES = (RemoveHeadersOnCopy, ); }; };
		AD800A7B20D28901006CFD78 /* HomeViewController.swift in Sources */ = {isa = PBXBuildFile; fileRef = AD800A7A20D28901006CFD78 /* HomeViewController.swift */; };
		AD955AF4207B07C100355522 /* StoreViewController.swift in Sources */ = {isa = PBXBuildFile; fileRef = AD955AF3207B07C100355522 /* StoreViewController.swift */; };
		ADB9092120786EAC0052C417 /* AppDelegate.swift in Sources */ = {isa = PBXBuildFile; fileRef = ADB9092020786EAC0052C417 /* AppDelegate.swift */; };
		ADB9092620786EAC0052C417 /* Main.storyboard in Resources */ = {isa = PBXBuildFile; fileRef = ADB9092420786EAC0052C417 /* Main.storyboard */; };
		ADB9092820786EAC0052C417 /* Assets.xcassets in Resources */ = {isa = PBXBuildFile; fileRef = ADB9092720786EAC0052C417 /* Assets.xcassets */; };
		ADB9092B20786EAC0052C417 /* LaunchScreen.storyboard in Resources */ = {isa = PBXBuildFile; fileRef = ADB9092920786EAC0052C417 /* LaunchScreen.storyboard */; };
		ADB90933207876AB0052C417 /* ARViewController.swift in Sources */ = {isa = PBXBuildFile; fileRef = ADB90932207876AB0052C417 /* ARViewController.swift */; };
		ADB9093720787AB50052C417 /* ARView.swift in Sources */ = {isa = PBXBuildFile; fileRef = ADB9093620787AB50052C417 /* ARView.swift */; };
		ADB9FB1520D4B4D400705241 /* BeaconManager.swift in Sources */ = {isa = PBXBuildFile; fileRef = ADB9FB1420D4B4D400705241 /* BeaconManager.swift */; };
		ADCD342320D65CE800262CC9 /* ProceedView.xib in Resources */ = {isa = PBXBuildFile; fileRef = ADCD342220D65CE800262CC9 /* ProceedView.xib */; };
		ADCD342520D65D9D00262CC9 /* ProceedView.swift in Sources */ = {isa = PBXBuildFile; fileRef = ADCD342420D65D9D00262CC9 /* ProceedView.swift */; };
/* End PBXBuildFile section */

/* Begin PBXContainerItemProxy section */
		AD6D7D32213C2AAA00EDBFDB /* PBXContainerItemProxy */ = {
			isa = PBXContainerItemProxy;
			containerPortal = ADB9091520786EAB0052C417 /* Project object */;
			proxyType = 1;
			remoteGlobalIDString = AD6D7D2C213C2AAA00EDBFDB;
			remoteInfo = NotificationService;
		};
/* End PBXContainerItemProxy section */

/* Begin PBXCopyFilesBuildPhase section */
		AD6D7D38213C2AAA00EDBFDB /* Embed App Extensions */ = {
			isa = PBXCopyFilesBuildPhase;
			buildActionMask = 2147483647;
			dstPath = "";
			dstSubfolderSpec = 13;
			files = (
				AD6D7D34213C2AAA00EDBFDB /* NotificationService.appex in Embed App Extensions */,
			);
			name = "Embed App Extensions";
			runOnlyForDeploymentPostprocessing = 0;
		};
/* End PBXCopyFilesBuildPhase section */

/* Begin PBXFileReference section */
		612BA20120C7AB7200E240DE /* BFS.swift */ = {isa = PBXFileReference; lastKnownFileType = sourcecode.swift; path = BFS.swift; sourceTree = "<group>"; };
		6186A81A20D0EC6D00C523FA /* ChatViewController.swift */ = {isa = PBXFileReference; lastKnownFileType = sourcecode.swift; path = ChatViewController.swift; sourceTree = "<group>"; };
		6186A81C20D0F07900C523FA /* SpeechManager.swift */ = {isa = PBXFileReference; lastKnownFileType = sourcecode.swift; path = SpeechManager.swift; sourceTree = "<group>"; };
		61A09ACA2DBAD241B4820F65 /* Pods_AR_in_Retails.framework */ = {isa = PBXFileReference; explicitFileType = wrapper.framework; includeInIndex = 0; path = Pods_AR_in_Retails.framework; sourceTree = BUILT_PRODUCTS_DIR; };
		61E894C520C6632700F2B0CE /* DemoView.swift */ = {isa = PBXFileReference; lastKnownFileType = sourcecode.swift; path = DemoView.swift; sourceTree = "<group>"; };
		AD2A9F7220BF99B900CDC189 /* ARViewModel.swift */ = {isa = PBXFileReference; lastKnownFileType = sourcecode.swift; path = ARViewModel.swift; sourceTree = "<group>"; };
		AD2A9F7520BF9FAA00CDC189 /* SceneNode.swift */ = {isa = PBXFileReference; lastKnownFileType = sourcecode.swift; path = SceneNode.swift; sourceTree = "<group>"; };
		AD42807F20D15EEA00C36A52 /* art.scnassets */ = {isa = PBXFileReference; lastKnownFileType = wrapper.scnassets; path = art.scnassets; sourceTree = "<group>"; };
		AD5460E920D35A4C00E2CDB3 /* StoreModel.swift */ = {isa = PBXFileReference; lastKnownFileType = sourcecode.swift; path = StoreModel.swift; sourceTree = "<group>"; };
		AD6D60C120DBDADC006B4EF6 /* ShoppingList.xib */ = {isa = PBXFileReference; lastKnownFileType = file.xib; path = ShoppingList.xib; sourceTree = "<group>"; };
		AD6D60C320DBDDAA006B4EF6 /* ShoppingList.swift */ = {isa = PBXFileReference; lastKnownFileType = sourcecode.swift; path = ShoppingList.swift; sourceTree = "<group>"; };
		AD6D60C520DBE287006B4EF6 /* ShoppingListCell.swift */ = {isa = PBXFileReference; lastKnownFileType = sourcecode.swift; path = ShoppingListCell.swift; sourceTree = "<group>"; };
		AD6D7D28213BC29000EDBFDB /* AR in Retails.entitlements */ = {isa = PBXFileReference; lastKnownFileType = text.plist.entitlements; path = "AR in Retails.entitlements"; sourceTree = "<group>"; };
		AD6D7D2D213C2AAA00EDBFDB /* NotificationService.appex */ = {isa = PBXFileReference; explicitFileType = "wrapper.app-extension"; includeInIndex = 0; path = NotificationService.appex; sourceTree = BUILT_PRODUCTS_DIR; };
		AD6D7D2F213C2AAA00EDBFDB /* NotificationService.swift */ = {isa = PBXFileReference; lastKnownFileType = sourcecode.swift; path = NotificationService.swift; sourceTree = "<group>"; };
		AD6D7D31213C2AAA00EDBFDB /* Info.plist */ = {isa = PBXFileReference; lastKnownFileType = text.plist.xml; path = Info.plist; sourceTree = "<group>"; };
		AD800A7A20D28901006CFD78 /* HomeViewController.swift */ = {isa = PBXFileReference; lastKnownFileType = sourcecode.swift; path = HomeViewController.swift; sourceTree = "<group>"; };
		AD955AF3207B07C100355522 /* StoreViewController.swift */ = {isa = PBXFileReference; lastKnownFileType = sourcecode.swift; path = StoreViewController.swift; sourceTree = "<group>"; };
		AD955AF5207B0F3900355522 /* ObjcBridge.h */ = {isa = PBXFileReference; lastKnownFileType = sourcecode.c.h; path = ObjcBridge.h; sourceTree = "<group>"; };
		ADB9091D20786EAC0052C417 /* AR in Retails.app */ = {isa = PBXFileReference; explicitFileType = wrapper.application; includeInIndex = 0; path = "AR in Retails.app"; sourceTree = BUILT_PRODUCTS_DIR; };
		ADB9092020786EAC0052C417 /* AppDelegate.swift */ = {isa = PBXFileReference; lastKnownFileType = sourcecode.swift; path = AppDelegate.swift; sourceTree = "<group>"; };
		ADB9092520786EAC0052C417 /* Base */ = {isa = PBXFileReference; lastKnownFileType = file.storyboard; name = Base; path = Base.lproj/Main.storyboard; sourceTree = "<group>"; };
		ADB9092720786EAC0052C417 /* Assets.xcassets */ = {isa = PBXFileReference; lastKnownFileType = folder.assetcatalog; path = Assets.xcassets; sourceTree = "<group>"; };
		ADB9092A20786EAC0052C417 /* Base */ = {isa = PBXFileReference; lastKnownFileType = file.storyboard; name = Base; path = Base.lproj/LaunchScreen.storyboard; sourceTree = "<group>"; };
		ADB9092C20786EAC0052C417 /* Info.plist */ = {isa = PBXFileReference; lastKnownFileType = text.plist.xml; path = Info.plist; sourceTree = "<group>"; };
		ADB90932207876AB0052C417 /* ARViewController.swift */ = {isa = PBXFileReference; lastKnownFileType = sourcecode.swift; path = ARViewController.swift; sourceTree = "<group>"; };
		ADB9093620787AB50052C417 /* ARView.swift */ = {isa = PBXFileReference; lastKnownFileType = sourcecode.swift; path = ARView.swift; sourceTree = "<group>"; };
		ADB9FB1420D4B4D400705241 /* BeaconManager.swift */ = {isa = PBXFileReference; lastKnownFileType = sourcecode.swift; path = BeaconManager.swift; sourceTree = "<group>"; };
		ADCD342220D65CE800262CC9 /* ProceedView.xib */ = {isa = PBXFileReference; lastKnownFileType = file.xib; path = ProceedView.xib; sourceTree = "<group>"; };
		ADCD342420D65D9D00262CC9 /* ProceedView.swift */ = {isa = PBXFileReference; lastKnownFileType = sourcecode.swift; path = ProceedView.swift; sourceTree = "<group>"; };
		D8F411E4BBD531AC59FB6459 /* Pods-AR in Retails.debug.xcconfig */ = {isa = PBXFileReference; includeInIndex = 1; lastKnownFileType = text.xcconfig; name = "Pods-AR in Retails.debug.xcconfig"; path = "Pods/Target Support Files/Pods-AR in Retails/Pods-AR in Retails.debug.xcconfig"; sourceTree = "<group>"; };
		EC7F674B92A63A15B2D26ADD /* Pods-AR in Retails.release.xcconfig */ = {isa = PBXFileReference; includeInIndex = 1; lastKnownFileType = text.xcconfig; name = "Pods-AR in Retails.release.xcconfig"; path = "Pods/Target Support Files/Pods-AR in Retails/Pods-AR in Retails.release.xcconfig"; sourceTree = "<group>"; };
/* End PBXFileReference section */

/* Begin PBXFrameworksBuildPhase section */
		AD6D7D2A213C2AAA00EDBFDB /* Frameworks */ = {
			isa = PBXFrameworksBuildPhase;
			buildActionMask = 2147483647;
			files = (
			);
			runOnlyForDeploymentPostprocessing = 0;
		};
		ADB9091A20786EAC0052C417 /* Frameworks */ = {
			isa = PBXFrameworksBuildPhase;
			buildActionMask = 2147483647;
			files = (
				0DD8B062303460D69E0F6099 /* Pods_AR_in_Retails.framework in Frameworks */,
			);
			runOnlyForDeploymentPostprocessing = 0;
		};
/* End PBXFrameworksBuildPhase section */

/* Begin PBXGroup section */
		6DA28FA7930155676F0F929F /* Frameworks */ = {
			isa = PBXGroup;
			children = (
				61A09ACA2DBAD241B4820F65 /* Pods_AR_in_Retails.framework */,
			);
			name = Frameworks;
			sourceTree = "<group>";
		};
		AD2A9F7420BF99C100CDC189 /* Model */ = {
			isa = PBXGroup;
			children = (
				612BA20120C7AB7200E240DE /* BFS.swift */,
				AD5460E920D35A4C00E2CDB3 /* StoreModel.swift */,
				ADB9FB1420D4B4D400705241 /* BeaconManager.swift */,
			);
			path = Model;
			sourceTree = "<group>";
		};
		AD35230820D2971900DCC2C2 /* Home */ = {
			isa = PBXGroup;
			children = (
				AD800A7A20D28901006CFD78 /* HomeViewController.swift */,
			);
			path = Home;
			sourceTree = "<group>";
		};
		AD35230920D2976500DCC2C2 /* Assistant */ = {
			isa = PBXGroup;
			children = (
				6186A81A20D0EC6D00C523FA /* ChatViewController.swift */,
				6186A81C20D0F07900C523FA /* SpeechManager.swift */,
			);
			path = Assistant;
			sourceTree = "<group>";
		};
		AD35230A20D2977100DCC2C2 /* AR */ = {
			isa = PBXGroup;
			children = (
				AD2A9F7520BF9FAA00CDC189 /* SceneNode.swift */,
				ADB9093620787AB50052C417 /* ARView.swift */,
				AD2A9F7220BF99B900CDC189 /* ARViewModel.swift */,
				ADB90932207876AB0052C417 /* ARViewController.swift */,
			);
			path = AR;
			sourceTree = "<group>";
		};
		AD35230B20D2978000DCC2C2 /* Store */ = {
			isa = PBXGroup;
			children = (
				AD955AF3207B07C100355522 /* StoreViewController.swift */,
			);
			path = Store;
			sourceTree = "<group>";
		};
		AD6D7D2E213C2AAA00EDBFDB /* NotificationService */ = {
			isa = PBXGroup;
			children = (
				AD6D7D2F213C2AAA00EDBFDB /* NotificationService.swift */,
				AD6D7D31213C2AAA00EDBFDB /* Info.plist */,
			);
			path = NotificationService;
			sourceTree = "<group>";
		};
		ADB9091420786EAB0052C417 = {
			isa = PBXGroup;
			children = (
				ADB9091F20786EAC0052C417 /* AR in Retails */,
				AD6D7D2E213C2AAA00EDBFDB /* NotificationService */,
				ADB9091E20786EAC0052C417 /* Products */,
				B380357B092A6636FDA7197F /* Pods */,
				6DA28FA7930155676F0F929F /* Frameworks */,
			);
			sourceTree = "<group>";
		};
		ADB9091E20786EAC0052C417 /* Products */ = {
			isa = PBXGroup;
			children = (
				ADB9091D20786EAC0052C417 /* AR in Retails.app */,
				AD6D7D2D213C2AAA00EDBFDB /* NotificationService.appex */,
			);
			name = Products;
			sourceTree = "<group>";
		};
		ADB9091F20786EAC0052C417 /* AR in Retails */ = {
			isa = PBXGroup;
			children = (
				AD6D7D28213BC29000EDBFDB /* AR in Retails.entitlements */,
				ADB9092020786EAC0052C417 /* AppDelegate.swift */,
				AD2A9F7420BF99C100CDC189 /* Model */,
				ADB9093820787ABE0052C417 /* View */,
				ADB90935207876D80052C417 /* Controllers */,
				ADB90934207876B40052C417 /* Storyboard+others */,
				ADB9092C20786EAC0052C417 /* Info.plist */,
				AD955AF5207B0F3900355522 /* ObjcBridge.h */,
			);
			path = "AR in Retails";
			sourceTree = "<group>";
		};
		ADB90934207876B40052C417 /* Storyboard+others */ = {
			isa = PBXGroup;
			children = (
				AD42807F20D15EEA00C36A52 /* art.scnassets */,
				ADB9092420786EAC0052C417 /* Main.storyboard */,
				ADB9092720786EAC0052C417 /* Assets.xcassets */,
				ADB9092920786EAC0052C417 /* LaunchScreen.storyboard */,
			);
			path = "Storyboard+others";
			sourceTree = "<group>";
		};
		ADB90935207876D80052C417 /* Controllers */ = {
			isa = PBXGroup;
			children = (
				AD35230820D2971900DCC2C2 /* Home */,
				AD35230B20D2978000DCC2C2 /* Store */,
				AD35230A20D2977100DCC2C2 /* AR */,
				AD35230920D2976500DCC2C2 /* Assistant */,
			);
			path = Controllers;
			sourceTree = "<group>";
		};
		ADB9093820787ABE0052C417 /* View */ = {
			isa = PBXGroup;
			children = (
				61E894C520C6632700F2B0CE /* DemoView.swift */,
				ADCD342220D65CE800262CC9 /* ProceedView.xib */,
				ADCD342420D65D9D00262CC9 /* ProceedView.swift */,
				AD6D60C120DBDADC006B4EF6 /* ShoppingList.xib */,
				AD6D60C320DBDDAA006B4EF6 /* ShoppingList.swift */,
				AD6D60C520DBE287006B4EF6 /* ShoppingListCell.swift */,
			);
			path = View;
			sourceTree = "<group>";
		};
		B380357B092A6636FDA7197F /* Pods */ = {
			isa = PBXGroup;
			children = (
				D8F411E4BBD531AC59FB6459 /* Pods-AR in Retails.debug.xcconfig */,
				EC7F674B92A63A15B2D26ADD /* Pods-AR in Retails.release.xcconfig */,
			);
			name = Pods;
			sourceTree = "<group>";
		};
/* End PBXGroup section */

/* Begin PBXNativeTarget section */
		AD6D7D2C213C2AAA00EDBFDB /* NotificationService */ = {
			isa = PBXNativeTarget;
			buildConfigurationList = AD6D7D37213C2AAA00EDBFDB /* Build configuration list for PBXNativeTarget "NotificationService" */;
			buildPhases = (
				AD6D7D29213C2AAA00EDBFDB /* Sources */,
				AD6D7D2A213C2AAA00EDBFDB /* Frameworks */,
				AD6D7D2B213C2AAA00EDBFDB /* Resources */,
			);
			buildRules = (
			);
			dependencies = (
			);
			name = NotificationService;
			productName = NotificationService;
			productReference = AD6D7D2D213C2AAA00EDBFDB /* NotificationService.appex */;
			productType = "com.apple.product-type.app-extension";
		};
		ADB9091C20786EAC0052C417 /* AR in Retails */ = {
			isa = PBXNativeTarget;
			buildConfigurationList = ADB9092F20786EAC0052C417 /* Build configuration list for PBXNativeTarget "AR in Retails" */;
			buildPhases = (
				B72B498D1D865BC0A35D34ED /* [CP] Check Pods Manifest.lock */,
				ADB9091920786EAC0052C417 /* Sources */,
				ADB9091A20786EAC0052C417 /* Frameworks */,
				ADB9091B20786EAC0052C417 /* Resources */,
				AD6D7D38213C2AAA00EDBFDB /* Embed App Extensions */,
			);
			buildRules = (
			);
			dependencies = (
				AD6D7D33213C2AAA00EDBFDB /* PBXTargetDependency */,
			);
			name = "AR in Retails";
			productName = "AR in Retails";
			productReference = ADB9091D20786EAC0052C417 /* AR in Retails.app */;
			productType = "com.apple.product-type.application";
		};
/* End PBXNativeTarget section */

/* Begin PBXProject section */
		ADB9091520786EAB0052C417 /* Project object */ = {
			isa = PBXProject;
			attributes = {
				LastSwiftUpdateCheck = 0940;
				LastUpgradeCheck = 0920;
				ORGANIZATIONNAME = "Ashis Laha";
				TargetAttributes = {
					AD6D7D2C213C2AAA00EDBFDB = {
						CreatedOnToolsVersion = 9.4.1;
						ProvisioningStyle = Automatic;
					};
					ADB9091C20786EAC0052C417 = {
						CreatedOnToolsVersion = 9.2;
						ProvisioningStyle = Automatic;
						SystemCapabilities = {
							com.apple.Push = {
								enabled = 1;
							};
						};
					};
				};
			};
			buildConfigurationList = ADB9091820786EAB0052C417 /* Build configuration list for PBXProject "AR in Retails" */;
			compatibilityVersion = "Xcode 8.0";
			developmentRegion = en;
			hasScannedForEncodings = 0;
			knownRegions = (
				en,
				Base,
			);
			mainGroup = ADB9091420786EAB0052C417;
			productRefGroup = ADB9091E20786EAC0052C417 /* Products */;
			projectDirPath = "";
			projectRoot = "";
			targets = (
				ADB9091C20786EAC0052C417 /* AR in Retails */,
				AD6D7D2C213C2AAA00EDBFDB /* NotificationService */,
			);
		};
/* End PBXProject section */

/* Begin PBXResourcesBuildPhase section */
		AD6D7D2B213C2AAA00EDBFDB /* Resources */ = {
			isa = PBXResourcesBuildPhase;
			buildActionMask = 2147483647;
			files = (
			);
			runOnlyForDeploymentPostprocessing = 0;
		};
		ADB9091B20786EAC0052C417 /* Resources */ = {
			isa = PBXResourcesBuildPhase;
			buildActionMask = 2147483647;
			files = (
				ADCD342320D65CE800262CC9 /* ProceedView.xib in Resources */,
				ADB9092B20786EAC0052C417 /* LaunchScreen.storyboard in Resources */,
				AD42808020D15EEA00C36A52 /* art.scnassets in Resources */,
				AD6D60C220DBDADC006B4EF6 /* ShoppingList.xib in Resources */,
				ADB9092820786EAC0052C417 /* Assets.xcassets in Resources */,
				ADB9092620786EAC0052C417 /* Main.storyboard in Resources */,
			);
			runOnlyForDeploymentPostprocessing = 0;
		};
/* End PBXResourcesBuildPhase section */

/* Begin PBXShellScriptBuildPhase section */
		B72B498D1D865BC0A35D34ED /* [CP] Check Pods Manifest.lock */ = {
			isa = PBXShellScriptBuildPhase;
			buildActionMask = 2147483647;
			files = (
			);
			inputPaths = (
				"${PODS_PODFILE_DIR_PATH}/Podfile.lock",
				"${PODS_ROOT}/Manifest.lock",
			);
			name = "[CP] Check Pods Manifest.lock";
			outputPaths = (
				"$(DERIVED_FILE_DIR)/Pods-AR in Retails-checkManifestLockResult.txt",
			);
			runOnlyForDeploymentPostprocessing = 0;
			shellPath = /bin/sh;
			shellScript = "diff \"${PODS_PODFILE_DIR_PATH}/Podfile.lock\" \"${PODS_ROOT}/Manifest.lock\" > /dev/null\nif [ $? != 0 ] ; then\n    # print error to STDERR\n    echo \"error: The sandbox is not in sync with the Podfile.lock. Run 'pod install' or update your CocoaPods installation.\" >&2\n    exit 1\nfi\n# This output is used by Xcode 'outputs' to avoid re-running this script phase.\necho \"SUCCESS\" > \"${SCRIPT_OUTPUT_FILE_0}\"\n";
			showEnvVarsInLog = 0;
		};
/* End PBXShellScriptBuildPhase section */

/* Begin PBXSourcesBuildPhase section */
		AD6D7D29213C2AAA00EDBFDB /* Sources */ = {
			isa = PBXSourcesBuildPhase;
			buildActionMask = 2147483647;
			files = (
				AD6D7D30213C2AAA00EDBFDB /* NotificationService.swift in Sources */,
			);
			runOnlyForDeploymentPostprocessing = 0;
		};
		ADB9091920786EAC0052C417 /* Sources */ = {
			isa = PBXSourcesBuildPhase;
			buildActionMask = 2147483647;
			files = (
				6186A81D20D0F07900C523FA /* SpeechManager.swift in Sources */,
				612BA20220C7AB7200E240DE /* BFS.swift in Sources */,
				6186A81B20D0EC6D00C523FA /* ChatViewController.swift in Sources */,
				AD2A9F7320BF99B900CDC189 /* ARViewModel.swift in Sources */,
				AD5460EA20D35A4C00E2CDB3 /* StoreModel.swift in Sources */,
				AD6D60C620DBE287006B4EF6 /* ShoppingListCell.swift in Sources */,
				AD955AF4207B07C100355522 /* StoreViewController.swift in Sources */,
				ADB9FB1520D4B4D400705241 /* BeaconManager.swift in Sources */,
				AD6D60C420DBDDAA006B4EF6 /* ShoppingList.swift in Sources */,
				ADCD342520D65D9D00262CC9 /* ProceedView.swift in Sources */,
				ADB90933207876AB0052C417 /* ARViewController.swift in Sources */,
				61E894C620C6632700F2B0CE /* DemoView.swift in Sources */,
				AD2A9F7620BF9FAA00CDC189 /* SceneNode.swift in Sources */,
				ADB9093720787AB50052C417 /* ARView.swift in Sources */,
				ADB9092120786EAC0052C417 /* AppDelegate.swift in Sources */,
				AD800A7B20D28901006CFD78 /* HomeViewController.swift in Sources */,
			);
			runOnlyForDeploymentPostprocessing = 0;
		};
/* End PBXSourcesBuildPhase section */

/* Begin PBXTargetDependency section */
		AD6D7D33213C2AAA00EDBFDB /* PBXTargetDependency */ = {
			isa = PBXTargetDependency;
			target = AD6D7D2C213C2AAA00EDBFDB /* NotificationService */;
			targetProxy = AD6D7D32213C2AAA00EDBFDB /* PBXContainerItemProxy */;
		};
/* End PBXTargetDependency section */

/* Begin PBXVariantGroup section */
		ADB9092420786EAC0052C417 /* Main.storyboard */ = {
			isa = PBXVariantGroup;
			children = (
				ADB9092520786EAC0052C417 /* Base */,
			);
			name = Main.storyboard;
			sourceTree = "<group>";
		};
		ADB9092920786EAC0052C417 /* LaunchScreen.storyboard */ = {
			isa = PBXVariantGroup;
			children = (
				ADB9092A20786EAC0052C417 /* Base */,
			);
			name = LaunchScreen.storyboard;
			sourceTree = "<group>";
		};
/* End PBXVariantGroup section */

/* Begin XCBuildConfiguration section */
		AD6D7D35213C2AAA00EDBFDB /* Debug */ = {
			isa = XCBuildConfiguration;
			buildSettings = {
				CLANG_ENABLE_OBJC_WEAK = YES;
				CLANG_WARN_DEPRECATED_OBJC_IMPLEMENTATIONS = YES;
				CLANG_WARN_OBJC_IMPLICIT_RETAIN_SELF = YES;
				CODE_SIGN_IDENTITY = "iPhone Developer";
				CODE_SIGN_STYLE = Automatic;
				DEVELOPMENT_TEAM = W3Z9URG96M;
				INFOPLIST_FILE = NotificationService/Info.plist;
				IPHONEOS_DEPLOYMENT_TARGET = 11.4;
				LD_RUNPATH_SEARCH_PATHS = "$(inherited) @executable_path/Frameworks @executable_path/../../Frameworks";
				PRODUCT_BUNDLE_IDENTIFIER = "com.ashislaha.AR-in-Retails.NotificationService";
				PRODUCT_NAME = "$(TARGET_NAME)";
				SKIP_INSTALL = YES;
				SWIFT_VERSION = 4.0;
				TARGETED_DEVICE_FAMILY = "1,2";
			};
			name = Debug;
		};
		AD6D7D36213C2AAA00EDBFDB /* Release */ = {
			isa = XCBuildConfiguration;
			buildSettings = {
				CLANG_ENABLE_OBJC_WEAK = YES;
				CLANG_WARN_DEPRECATED_OBJC_IMPLEMENTATIONS = YES;
				CLANG_WARN_OBJC_IMPLICIT_RETAIN_SELF = YES;
				CODE_SIGN_IDENTITY = "iPhone Developer";
				CODE_SIGN_STYLE = Automatic;
				DEVELOPMENT_TEAM = W3Z9URG96M;
				INFOPLIST_FILE = NotificationService/Info.plist;
				IPHONEOS_DEPLOYMENT_TARGET = 11.4;
				LD_RUNPATH_SEARCH_PATHS = "$(inherited) @executable_path/Frameworks @executable_path/../../Frameworks";
				PRODUCT_BUNDLE_IDENTIFIER = "com.ashislaha.AR-in-Retails.NotificationService";
				PRODUCT_NAME = "$(TARGET_NAME)";
				SKIP_INSTALL = YES;
				SWIFT_VERSION = 4.0;
				TARGETED_DEVICE_FAMILY = "1,2";
			};
			name = Release;
		};
		ADB9092D20786EAC0052C417 /* Debug */ = {
			isa = XCBuildConfiguration;
			buildSettings = {
				ALWAYS_SEARCH_USER_PATHS = NO;
				CLANG_ANALYZER_NONNULL = YES;
				CLANG_ANALYZER_NUMBER_OBJECT_CONVERSION = YES_AGGRESSIVE;
				CLANG_CXX_LANGUAGE_STANDARD = "gnu++14";
				CLANG_CXX_LIBRARY = "libc++";
				CLANG_ENABLE_MODULES = YES;
				CLANG_ENABLE_OBJC_ARC = YES;
				CLANG_WARN_BLOCK_CAPTURE_AUTORELEASING = YES;
				CLANG_WARN_BOOL_CONVERSION = YES;
				CLANG_WARN_COMMA = YES;
				CLANG_WARN_CONSTANT_CONVERSION = YES;
				CLANG_WARN_DIRECT_OBJC_ISA_USAGE = YES_ERROR;
				CLANG_WARN_DOCUMENTATION_COMMENTS = YES;
				CLANG_WARN_EMPTY_BODY = YES;
				CLANG_WARN_ENUM_CONVERSION = YES;
				CLANG_WARN_INFINITE_RECURSION = YES;
				CLANG_WARN_INT_CONVERSION = YES;
				CLANG_WARN_NON_LITERAL_NULL_CONVERSION = YES;
				CLANG_WARN_OBJC_LITERAL_CONVERSION = YES;
				CLANG_WARN_OBJC_ROOT_CLASS = YES_ERROR;
				CLANG_WARN_RANGE_LOOP_ANALYSIS = YES;
				CLANG_WARN_STRICT_PROTOTYPES = YES;
				CLANG_WARN_SUSPICIOUS_MOVE = YES;
				CLANG_WARN_UNGUARDED_AVAILABILITY = YES_AGGRESSIVE;
				CLANG_WARN_UNREACHABLE_CODE = YES;
				CLANG_WARN__DUPLICATE_METHOD_MATCH = YES;
				CODE_SIGN_IDENTITY = "iPhone Developer";
				COPY_PHASE_STRIP = NO;
				DEBUG_INFORMATION_FORMAT = dwarf;
				ENABLE_STRICT_OBJC_MSGSEND = YES;
				ENABLE_TESTABILITY = YES;
				GCC_C_LANGUAGE_STANDARD = gnu11;
				GCC_DYNAMIC_NO_PIC = NO;
				GCC_NO_COMMON_BLOCKS = YES;
				GCC_OPTIMIZATION_LEVEL = 0;
				GCC_PREPROCESSOR_DEFINITIONS = (
					"DEBUG=1",
					"$(inherited)",
				);
				GCC_WARN_64_TO_32_BIT_CONVERSION = YES;
				GCC_WARN_ABOUT_RETURN_TYPE = YES_ERROR;
				GCC_WARN_UNDECLARED_SELECTOR = YES;
				GCC_WARN_UNINITIALIZED_AUTOS = YES_AGGRESSIVE;
				GCC_WARN_UNUSED_FUNCTION = YES;
				GCC_WARN_UNUSED_VARIABLE = YES;
				IPHONEOS_DEPLOYMENT_TARGET = 11.2;
				MTL_ENABLE_DEBUG_INFO = YES;
				ONLY_ACTIVE_ARCH = YES;
				SDKROOT = iphoneos;
				SWIFT_ACTIVE_COMPILATION_CONDITIONS = DEBUG;
				SWIFT_OPTIMIZATION_LEVEL = "-Onone";
			};
			name = Debug;
		};
		ADB9092E20786EAC0052C417 /* Release */ = {
			isa = XCBuildConfiguration;
			buildSettings = {
				ALWAYS_SEARCH_USER_PATHS = NO;
				CLANG_ANALYZER_NONNULL = YES;
				CLANG_ANALYZER_NUMBER_OBJECT_CONVERSION = YES_AGGRESSIVE;
				CLANG_CXX_LANGUAGE_STANDARD = "gnu++14";
				CLANG_CXX_LIBRARY = "libc++";
				CLANG_ENABLE_MODULES = YES;
				CLANG_ENABLE_OBJC_ARC = YES;
				CLANG_WARN_BLOCK_CAPTURE_AUTORELEASING = YES;
				CLANG_WARN_BOOL_CONVERSION = YES;
				CLANG_WARN_COMMA = YES;
				CLANG_WARN_CONSTANT_CONVERSION = YES;
				CLANG_WARN_DIRECT_OBJC_ISA_USAGE = YES_ERROR;
				CLANG_WARN_DOCUMENTATION_COMMENTS = YES;
				CLANG_WARN_EMPTY_BODY = YES;
				CLANG_WARN_ENUM_CONVERSION = YES;
				CLANG_WARN_INFINITE_RECURSION = YES;
				CLANG_WARN_INT_CONVERSION = YES;
				CLANG_WARN_NON_LITERAL_NULL_CONVERSION = YES;
				CLANG_WARN_OBJC_LITERAL_CONVERSION = YES;
				CLANG_WARN_OBJC_ROOT_CLASS = YES_ERROR;
				CLANG_WARN_RANGE_LOOP_ANALYSIS = YES;
				CLANG_WARN_STRICT_PROTOTYPES = YES;
				CLANG_WARN_SUSPICIOUS_MOVE = YES;
				CLANG_WARN_UNGUARDED_AVAILABILITY = YES_AGGRESSIVE;
				CLANG_WARN_UNREACHABLE_CODE = YES;
				CLANG_WARN__DUPLICATE_METHOD_MATCH = YES;
				CODE_SIGN_IDENTITY = "iPhone Developer";
				COPY_PHASE_STRIP = NO;
				DEBUG_INFORMATION_FORMAT = "dwarf-with-dsym";
				ENABLE_NS_ASSERTIONS = NO;
				ENABLE_STRICT_OBJC_MSGSEND = YES;
				GCC_C_LANGUAGE_STANDARD = gnu11;
				GCC_NO_COMMON_BLOCKS = YES;
				GCC_WARN_64_TO_32_BIT_CONVERSION = YES;
				GCC_WARN_ABOUT_RETURN_TYPE = YES_ERROR;
				GCC_WARN_UNDECLARED_SELECTOR = YES;
				GCC_WARN_UNINITIALIZED_AUTOS = YES_AGGRESSIVE;
				GCC_WARN_UNUSED_FUNCTION = YES;
				GCC_WARN_UNUSED_VARIABLE = YES;
				IPHONEOS_DEPLOYMENT_TARGET = 11.2;
				MTL_ENABLE_DEBUG_INFO = NO;
				SDKROOT = iphoneos;
				SWIFT_OPTIMIZATION_LEVEL = "-Owholemodule";
				VALIDATE_PRODUCT = YES;
			};
			name = Release;
		};
		ADB9093020786EAC0052C417 /* Debug */ = {
			isa = XCBuildConfiguration;
			baseConfigurationReference = D8F411E4BBD531AC59FB6459 /* Pods-AR in Retails.debug.xcconfig */;
			buildSettings = {
				ALWAYS_EMBED_SWIFT_STANDARD_LIBRARIES = YES;
				ASSETCATALOG_COMPILER_APPICON_NAME = AppIcon;
				CODE_SIGN_ENTITLEMENTS = "AR in Retails/AR in Retails.entitlements";
				CODE_SIGN_IDENTITY = "iPhone Developer";
				CODE_SIGN_STYLE = Automatic;
				DEVELOPMENT_TEAM = W3Z9URG96M;
				INFOPLIST_FILE = "AR in Retails/Info.plist";
				LD_RUNPATH_SEARCH_PATHS = "$(inherited) @executable_path/Frameworks";
				PRODUCT_BUNDLE_IDENTIFIER = "com.ashislaha.AR-in-Retails";
				PRODUCT_NAME = "$(TARGET_NAME)";
				PROVISIONING_PROFILE = "";
				PROVISIONING_PROFILE_SPECIFIER = "";
				SWIFT_OBJC_BRIDGING_HEADER = "${PROJECT_NAME}/ObjcBridge.h";
				SWIFT_VERSION = 4.0;
				TARGETED_DEVICE_FAMILY = "1,2";
			};
			name = Debug;
		};
		ADB9093120786EAC0052C417 /* Release */ = {
			isa = XCBuildConfiguration;
			baseConfigurationReference = EC7F674B92A63A15B2D26ADD /* Pods-AR in Retails.release.xcconfig */;
			buildSettings = {
				ALWAYS_EMBED_SWIFT_STANDARD_LIBRARIES = YES;
				ASSETCATALOG_COMPILER_APPICON_NAME = AppIcon;
				CODE_SIGN_ENTITLEMENTS = "AR in Retails/AR in Retails.entitlements";
				CODE_SIGN_IDENTITY = "iPhone Developer";
				CODE_SIGN_STYLE = Automatic;
				DEVELOPMENT_TEAM = W3Z9URG96M;
				INFOPLIST_FILE = "AR in Retails/Info.plist";
				LD_RUNPATH_SEARCH_PATHS = "$(inherited) @executable_path/Frameworks";
				PRODUCT_BUNDLE_IDENTIFIER = "com.ashislaha.AR-in-Retails";
				PRODUCT_NAME = "$(TARGET_NAME)";
				PROVISIONING_PROFILE = "";
				PROVISIONING_PROFILE_SPECIFIER = "";
				SWIFT_OBJC_BRIDGING_HEADER = "${PROJECT_NAME}/ObjcBridge.h";
				SWIFT_VERSION = 4.0;
				TARGETED_DEVICE_FAMILY = "1,2";
			};
			name = Release;
		};
/* End XCBuildConfiguration section */

/* Begin XCConfigurationList section */
		AD6D7D37213C2AAA00EDBFDB /* Build configuration list for PBXNativeTarget "NotificationService" */ = {
			isa = XCConfigurationList;
			buildConfigurations = (
				AD6D7D35213C2AAA00EDBFDB /* Debug */,
				AD6D7D36213C2AAA00EDBFDB /* Release */,
			);
			defaultConfigurationIsVisible = 0;
			defaultConfigurationName = Release;
		};
		ADB9091820786EAB0052C417 /* Build configuration list for PBXProject "AR in Retails" */ = {
			isa = XCConfigurationList;
			buildConfigurations = (
				ADB9092D20786EAC0052C417 /* Debug */,
				ADB9092E20786EAC0052C417 /* Release */,
			);
			defaultConfigurationIsVisible = 0;
			defaultConfigurationName = Release;
		};
		ADB9092F20786EAC0052C417 /* Build configuration list for PBXNativeTarget "AR in Retails" */ = {
			isa = XCConfigurationList;
			buildConfigurations = (
				ADB9093020786EAC0052C417 /* Debug */,
				ADB9093120786EAC0052C417 /* Release */,
			);
			defaultConfigurationIsVisible = 0;
			defaultConfigurationName = Release;
		};
/* End XCConfigurationList section */
	};
	rootObject = ADB9091520786EAB0052C417 /* Project object */;
}
